// !$*UTF8*$!
{
	archiveVersion = 1;
	classes = {
	};
	objectVersion = 55;
	objects = {

/* Begin PBXBuildFile section */
		C851493A28618CA8006C5FDA /* AppDelegate.swift in Sources */ = {isa = PBXBuildFile; fileRef = C851493928618CA8006C5FDA /* AppDelegate.swift */; };
		C851493C28618CA8006C5FDA /* SceneDelegate.swift in Sources */ = {isa = PBXBuildFile; fileRef = C851493B28618CA8006C5FDA /* SceneDelegate.swift */; };
		C851493E28618CA8006C5FDA /* ViewController.swift in Sources */ = {isa = PBXBuildFile; fileRef = C851493D28618CA8006C5FDA /* ViewController.swift */; };
		C851494128618CA8006C5FDA /* Main.storyboard in Resources */ = {isa = PBXBuildFile; fileRef = C851493F28618CA8006C5FDA /* Main.storyboard */; };
		C851494328618CAD006C5FDA /* Assets.xcassets in Resources */ = {isa = PBXBuildFile; fileRef = C851494228618CAD006C5FDA /* Assets.xcassets */; };
		C851494628618CAD006C5FDA /* LaunchScreen.storyboard in Resources */ = {isa = PBXBuildFile; fileRef = C851494428618CAD006C5FDA /* LaunchScreen.storyboard */; };
		C851495128618CE4006C5FDA /* PersonModel.swift in Sources */ = {isa = PBXBuildFile; fileRef = C851495028618CE4006C5FDA /* PersonModel.swift */; };
		C851495328618D48006C5FDA /* PersonViewModel.swift in Sources */ = {isa = PBXBuildFile; fileRef = C851495228618D48006C5FDA /* PersonViewModel.swift */; };
		C851495728619A2E006C5FDA /* DetailController.swift in Sources */ = {isa = PBXBuildFile; fileRef = C851495628619A2E006C5FDA /* DetailController.swift */; };
/* End PBXBuildFile section */

/* Begin PBXFileReference section */
		C851493628618CA8006C5FDA /* MVVM Learning.app */ = {isa = PBXFileReference; explicitFileType = wrapper.application; includeInIndex = 0; path = "MVVM Learning.app"; sourceTree = BUILT_PRODUCTS_DIR; };
		C851493928618CA8006C5FDA /* AppDelegate.swift */ = {isa = PBXFileReference; lastKnownFileType = sourcecode.swift; path = AppDelegate.swift; sourceTree = "<group>"; };
		C851493B28618CA8006C5FDA /* SceneDelegate.swift */ = {isa = PBXFileReference; lastKnownFileType = sourcecode.swift; path = SceneDelegate.swift; sourceTree = "<group>"; };
		C851493D28618CA8006C5FDA /* ViewController.swift */ = {isa = PBXFileReference; lastKnownFileType = sourcecode.swift; path = ViewController.swift; sourceTree = "<group>"; };
		C851494028618CA8006C5FDA /* Base */ = {isa = PBXFileReference; lastKnownFileType = file.storyboard; name = Base; path = Base.lproj/Main.storyboard; sourceTree = "<group>"; };
		C851494228618CAD006C5FDA /* Assets.xcassets */ = {isa = PBXFileReference; lastKnownFileType = folder.assetcatalog; path = Assets.xcassets; sourceTree = "<group>"; };
		C851494528618CAD006C5FDA /* Base */ = {isa = PBXFileReference; lastKnownFileType = file.storyboard; name = Base; path = Base.lproj/LaunchScreen.storyboard; sourceTree = "<group>"; };
		C851494728618CAD006C5FDA /* Info.plist */ = {isa = PBXFileReference; lastKnownFileType = text.plist.xml; path = Info.plist; sourceTree = "<group>"; };
		C851495028618CE4006C5FDA /* PersonModel.swift */ = {isa = PBXFileReference; lastKnownFileType = sourcecode.swift; path = PersonModel.swift; sourceTree = "<group>"; };
		C851495228618D48006C5FDA /* PersonViewModel.swift */ = {isa = PBXFileReference; lastKnownFileType = sourcecode.swift; path = PersonViewModel.swift; sourceTree = "<group>"; };
		C851495628619A2E006C5FDA /* DetailController.swift */ = {isa = PBXFileReference; lastKnownFileType = sourcecode.swift; path = DetailController.swift; sourceTree = "<group>"; };
/* End PBXFileReference section */

/* Begin PBXFrameworksBuildPhase section */
		C851493328618CA8006C5FDA /* Frameworks */ = {
			isa = PBXFrameworksBuildPhase;
			buildActionMask = 2147483647;
			files = (
			);
			runOnlyForDeploymentPostprocessing = 0;
		};
/* End PBXFrameworksBuildPhase section */

/* Begin PBXGroup section */
		C851492D28618CA8006C5FDA = {
			isa = PBXGroup;
			children = (
				C851493828618CA8006C5FDA /* MVVM Learning */,
				C851493728618CA8006C5FDA /* Products */,
			);
			sourceTree = "<group>";
		};
		C851493728618CA8006C5FDA /* Products */ = {
			isa = PBXGroup;
			children = (
				C851493628618CA8006C5FDA /* MVVM Learning.app */,
			);
			name = Products;
			sourceTree = "<group>";
		};
		C851493828618CA8006C5FDA /* MVVM Learning */ = {
			isa = PBXGroup;
			children = (
				C851494D28618CBA006C5FDA /* Model */,
				C851494E28618CC3006C5FDA /* Controllers */,
				C851494F28618CCB006C5FDA /* ViewModel */,
				C851493928618CA8006C5FDA /* AppDelegate.swift */,
				C851493B28618CA8006C5FDA /* SceneDelegate.swift */,
				C851493F28618CA8006C5FDA /* Main.storyboard */,
				C851494228618CAD006C5FDA /* Assets.xcassets */,
				C851494428618CAD006C5FDA /* LaunchScreen.storyboard */,
				C851494728618CAD006C5FDA /* Info.plist */,
			);
			path = "MVVM Learning";
			sourceTree = "<group>";
		};
		C851494D28618CBA006C5FDA /* Model */ = {
			isa = PBXGroup;
			children = (
				C851495028618CE4006C5FDA /* PersonModel.swift */,
			);
			path = Model;
			sourceTree = "<group>";
		};
		C851494E28618CC3006C5FDA /* Controllers */ = {
			isa = PBXGroup;
			children = (
				C851493D28618CA8006C5FDA /* ViewController.swift */,
				C851495628619A2E006C5FDA /* DetailController.swift */,
			);
			path = Controllers;
			sourceTree = "<group>";
		};
		C851494F28618CCB006C5FDA /* ViewModel */ = {
			isa = PBXGroup;
			children = (
				C851495228618D48006C5FDA /* PersonViewModel.swift */,
			);
			path = ViewModel;
			sourceTree = "<group>";
		};
/* End PBXGroup section */

/* Begin PBXNativeTarget section */
		C851493528618CA8006C5FDA /* MVVM Learning */ = {
			isa = PBXNativeTarget;
			buildConfigurationList = C851494A28618CAD006C5FDA /* Build configuration list for PBXNativeTarget "MVVM Learning" */;
			buildPhases = (
				C851493228618CA8006C5FDA /* Sources */,
				C851493328618CA8006C5FDA /* Frameworks */,
				C851493428618CA8006C5FDA /* Resources */,
			);
			buildRules = (
			);
			dependencies = (
			);
			name = "MVVM Learning";
			productName = "MVVM Learning";
			productReference = C851493628618CA8006C5FDA /* MVVM Learning.app */;
			productType = "com.apple.product-type.application";
		};
/* End PBXNativeTarget section */

/* Begin PBXProject section */
		C851492E28618CA8006C5FDA /* Project object */ = {
			isa = PBXProject;
			attributes = {
				BuildIndependentTargetsInParallel = 1;
				LastSwiftUpdateCheck = 1320;
				LastUpgradeCheck = 1320;
				TargetAttributes = {
					C851493528618CA8006C5FDA = {
						CreatedOnToolsVersion = 13.2.1;
					};
				};
			};
			buildConfigurationList = C851493128618CA8006C5FDA /* Build configuration list for PBXProject "MVVM Learning" */;
			compatibilityVersion = "Xcode 13.0";
			developmentRegion = en;
			hasScannedForEncodings = 0;
			knownRegions = (
				en,
				Base,
			);
			mainGroup = C851492D28618CA8006C5FDA;
			productRefGroup = C851493728618CA8006C5FDA /* Products */;
			projectDirPath = "";
			projectRoot = "";
			targets = (
				C851493528618CA8006C5FDA /* MVVM Learning */,
			);
		};
/* End PBXProject section */

/* Begin PBXResourcesBuildPhase section */
		C851493428618CA8006C5FDA /* Resources */ = {
			isa = PBXResourcesBuildPhase;
			buildActionMask = 2147483647;
			files = (
				C851494628618CAD006C5FDA /* LaunchScreen.storyboard in Resources */,
				C851494328618CAD006C5FDA /* Assets.xcassets in Resources */,
				C851494128618CA8006C5FDA /* Main.storyboard in Resources */,
			);
			runOnlyForDeploymentPostprocessing = 0;
		};
/* End PBXResourcesBuildPhase section */

/* Begin PBXSourcesBuildPhase section */
		C851493228618CA8006C5FDA /* Sources */ = {
			isa = PBXSourcesBuildPhase;
			buildActionMask = 2147483647;
			files = (
				C851495128618CE4006C5FDA /* PersonModel.swift in Sources */,
				C851495328618D48006C5FDA /* PersonViewModel.swift in Sources */,
				C851493E28618CA8006C5FDA /* ViewController.swift in Sources */,
				C851493A28618CA8006C5FDA /* AppDelegate.swift in Sources */,
				C851495728619A2E006C5FDA /* DetailController.swift in Sources */,
				C851493C28618CA8006C5FDA /* SceneDelegate.swift in Sources */,
			);
			runOnlyForDeploymentPostprocessing = 0;
		};
/* End PBXSourcesBuildPhase section */

/* Begin PBXVariantGroup section */
		C851493F28618CA8006C5FDA /* Main.storyboard */ = {
			isa = PBXVariantGroup;
			children = (
				C851494028618CA8006C5FDA /* Base */,
			);
			name = Main.storyboard;
			sourceTree = "<group>";
		};
		C851494428618CAD006C5FDA /* LaunchScreen.storyboard */ = {
			isa = PBXVariantGroup;
			children = (
				C851494528618CAD006C5FDA /* Base */,
			);
			name = LaunchScreen.storyboard;
			sourceTree = "<group>";
		};
/* End PBXVariantGroup section */

/* Begin XCBuildConfiguration section */
		C851494828618CAD006C5FDA /* Debug */ = {
			isa = XCBuildConfiguration;
			buildSettings = {
				ALWAYS_SEARCH_USER_PATHS = NO;
				CLANG_ANALYZER_NONNULL = YES;
				CLANG_ANALYZER_NUMBER_OBJECT_CONVERSION = YES_AGGRESSIVE;
				CLANG_CXX_LANGUAGE_STANDARD = "gnu++17";
				CLANG_CXX_LIBRARY = "libc++";
				CLANG_ENABLE_MODULES = YES;
				CLANG_ENABLE_OBJC_ARC = YES;
				CLANG_ENABLE_OBJC_WEAK = YES;
				CLANG_WARN_BLOCK_CAPTURE_AUTORELEASING = YES;
				CLANG_WARN_BOOL_CONVERSION = YES;
				CLANG_WARN_COMMA = YES;
				CLANG_WARN_CONSTANT_CONVERSION = YES;
				CLANG_WARN_DEPRECATED_OBJC_IMPLEMENTATIONS = YES;
				CLANG_WARN_DIRECT_OBJC_ISA_USAGE = YES_ERROR;
				CLANG_WARN_DOCUMENTATION_COMMENTS = YES;
				CLANG_WARN_EMPTY_BODY = YES;
				CLANG_WARN_ENUM_CONVERSION = YES;
				CLANG_WARN_INFINITE_RECURSION = YES;
				CLANG_WARN_INT_CONVERSION = YES;
				CLANG_WARN_NON_LITERAL_NULL_CONVERSION = YES;
				CLANG_WARN_OBJC_IMPLICIT_RETAIN_SELF = YES;
				CLANG_WARN_OBJC_LITERAL_CONVERSION = YES;
				CLANG_WARN_OBJC_ROOT_CLASS = YES_ERROR;
				CLANG_WARN_QUOTED_INCLUDE_IN_FRAMEWORK_HEADER = YES;
				CLANG_WARN_RANGE_LOOP_ANALYSIS = YES;
				CLANG_WARN_STRICT_PROTOTYPES = YES;
				CLANG_WARN_SUSPICIOUS_MOVE = YES;
				CLANG_WARN_UNGUARDED_AVAILABILITY = YES_AGGRESSIVE;
				CLANG_WARN_UNREACHABLE_CODE = YES;
				CLANG_WARN__DUPLICATE_METHOD_MATCH = YES;
				COPY_PHASE_STRIP = NO;
				DEBUG_INFORMATION_FORMAT = dwarf;
				ENABLE_STRICT_OBJC_MSGSEND = YES;
				ENABLE_TESTABILITY = YES;
				GCC_C_LANGUAGE_STANDARD = gnu11;
				GCC_DYNAMIC_NO_PIC = NO;
				GCC_NO_COMMON_BLOCKS = YES;
				GCC_OPTIMIZATION_LEVEL = 0;
				GCC_PREPROCESSOR_DEFINITIONS = (
					"DEBUG=1",
					"$(inherited)",
				);
				GCC_WARN_64_TO_32_BIT_CONVERSION = YES;
				GCC_WARN_ABOUT_RETURN_TYPE = YES_ERROR;
				GCC_WARN_UNDECLARED_SELECTOR = YES;
				GCC_WARN_UNINITIALIZED_AUTOS = YES_AGGRESSIVE;
				GCC_WARN_UNUSED_FUNCTION = YES;
				GCC_WARN_UNUSED_VARIABLE = YES;
				IPHONEOS_DEPLOYMENT_TARGET = 15.2;
				MTL_ENABLE_DEBUG_INFO = INCLUDE_SOURCE;
				MTL_FAST_MATH = YES;
				ONLY_ACTIVE_ARCH = YES;
				SDKROOT = iphoneos;
				SWIFT_ACTIVE_COMPILATION_CONDITIONS = DEBUG;
				SWIFT_OPTIMIZATION_LEVEL = "-Onone";
			};
			name = Debug;
		};
		C851494928618CAD006C5FDA /* Release */ = {
			isa = XCBuildConfiguration;
			buildSettings = {
				ALWAYS_SEARCH_USER_PATHS = NO;
				CLANG_ANALYZER_NONNULL = YES;
				CLANG_ANALYZER_NUMBER_OBJECT_CONVERSION = YES_AGGRESSIVE;
				CLANG_CXX_LANGUAGE_STANDARD = "gnu++17";
				CLANG_CXX_LIBRARY = "libc++";
				CLANG_ENABLE_MODULES = YES;
				CLANG_ENABLE_OBJC_ARC = YES;
				CLANG_ENABLE_OBJC_WEAK = YES;
				CLANG_WARN_BLOCK_CAPTURE_AUTORELEASING = YES;
				CLANG_WARN_BOOL_CONVERSION = YES;
				CLANG_WARN_COMMA = YES;
				CLANG_WARN_CONSTANT_CONVERSION = YES;
				CLANG_WARN_DEPRECATED_OBJC_IMPLEMENTATIONS = YES;
				CLANG_WARN_DIRECT_OBJC_ISA_USAGE = YES_ERROR;
				CLANG_WARN_DOCUMENTATION_COMMENTS = YES;
				CLANG_WARN_EMPTY_BODY = YES;
				CLANG_WARN_ENUM_CONVERSION = YES;
				CLANG_WARN_INFINITE_RECURSION = YES;
				CLANG_WARN_INT_CONVERSION = YES;
				CLANG_WARN_NON_LITERAL_NULL_CONVERSION = YES;
				CLANG_WARN_OBJC_IMPLICIT_RETAIN_SELF = YES;
				CLANG_WARN_OBJC_LITERAL_CONVERSION = YES;
				CLANG_WARN_OBJC_ROOT_CLASS = YES_ERROR;
				CLANG_WARN_QUOTED_INCLUDE_IN_FRAMEWORK_HEADER = YES;
				CLANG_WARN_RANGE_LOOP_ANALYSIS = YES;
				CLANG_WARN_STRICT_PROTOTYPES = YES;
				CLANG_WARN_SUSPICIOUS_MOVE = YES;
				CLANG_WARN_UNGUARDED_AVAILABILITY = YES_AGGRESSIVE;
				CLANG_WARN_UNREACHABLE_CODE = YES;
				CLANG_WARN__DUPLICATE_METHOD_MATCH = YES;
				COPY_PHASE_STRIP = NO;
				DEBUG_INFORMATION_FORMAT = "dwarf-with-dsym";
				ENABLE_NS_ASSERTIONS = NO;
				ENABLE_STRICT_OBJC_MSGSEND = YES;
				GCC_C_LANGUAGE_STANDARD = gnu11;
				GCC_NO_COMMON_BLOCKS = YES;
				GCC_WARN_64_TO_32_BIT_CONVERSION = YES;
				GCC_WARN_ABOUT_RETURN_TYPE = YES_ERROR;
				GCC_WARN_UNDECLARED_SELECTOR = YES;
				GCC_WARN_UNINITIALIZED_AUTOS = YES_AGGRESSIVE;
				GCC_WARN_UNUSED_FUNCTION = YES;
				GCC_WARN_UNUSED_VARIABLE = YES;
				IPHONEOS_DEPLOYMENT_TARGET = 15.2;
				MTL_ENABLE_DEBUG_INFO = NO;
				MTL_FAST_MATH = YES;
				SDKROOT = iphoneos;
				SWIFT_COMPILATION_MODE = wholemodule;
				SWIFT_OPTIMIZATION_LEVEL = "-O";
				VALIDATE_PRODUCT = YES;
			};
			name = Release;
		};
		C851494B28618CAD006C5FDA /* Debug */ = {
			isa = XCBuildConfiguration;
			buildSettings = {
				ASSETCATALOG_COMPILER_APPICON_NAME = AppIcon;
				ASSETCATALOG_COMPILER_GLOBAL_ACCENT_COLOR_NAME = AccentColor;
				CODE_SIGN_STYLE = Automatic;
				CURRENT_PROJECT_VERSION = 1;
				GENERATE_INFOPLIST_FILE = YES;
				INFOPLIST_FILE = "MVVM Learning/Info.plist";
				INFOPLIST_KEY_UIApplicationSupportsIndirectInputEvents = YES;
				INFOPLIST_KEY_UILaunchStoryboardName = LaunchScreen;
				INFOPLIST_KEY_UIMainStoryboardFile = Main;
				INFOPLIST_KEY_UISupportedInterfaceOrientations_iPad = "UIInterfaceOrientationPortrait UIInterfaceOrientationPortraitUpsideDown UIInterfaceOrientationLandscapeLeft UIInterfaceOrientationLandscapeRight";
				INFOPLIST_KEY_UISupportedInterfaceOrientations_iPhone = "UIInterfaceOrientationPortrait UIInterfaceOrientationLandscapeLeft UIInterfaceOrientationLandscapeRight";
				LD_RUNPATH_SEARCH_PATHS = (
					"$(inherited)",
					"@executable_path/Frameworks",
				);
				MARKETING_VERSION = 1.0;
				PRODUCT_BUNDLE_IDENTIFIER = "com.Learning.App.MVVM-Learning";
				PRODUCT_NAME = "$(TARGET_NAME)";
				SWIFT_EMIT_LOC_STRINGS = YES;
				SWIFT_VERSION = 5.0;
				TARGETED_DEVICE_FAMILY = "1,2";
			};
			name = Debug;
		};
		C851494C28618CAD006C5FDA /* Release */ = {
			isa = XCBuildConfiguration;
			buildSettings = {
				ASSETCATALOG_COMPILER_APPICON_NAME = AppIcon;
				ASSETCATALOG_COMPILER_GLOBAL_ACCENT_COLOR_NAME = AccentColor;
				CODE_SIGN_STYLE = Automatic;
				CURRENT_PROJECT_VERSION = 1;
				GENERATE_INFOPLIST_FILE = YES;
				INFOPLIST_FILE = "MVVM Learning/Info.plist";
				INFOPLIST_KEY_UIApplicationSupportsIndirectInputEvents = YES;
				INFOPLIST_KEY_UILaunchStoryboardName = LaunchScreen;
				INFOPLIST_KEY_UIMainStoryboardFile = Main;
				INFOPLIST_KEY_UISupportedInterfaceOrientations_iPad = "UIInterfaceOrientationPortrait UIInterfaceOrientationPortraitUpsideDown UIInterfaceOrientationLandscapeLeft UIInterfaceOrientationLandscapeRight";
				INFOPLIST_KEY_UISupportedInterfaceOrientations_iPhone = "UIInterfaceOrientationPortrait UIInterfaceOrientationLandscapeLeft UIInterfaceOrientationLandscapeRight";
				LD_RUNPATH_SEARCH_PATHS = (
					"$(inherited)",
					"@executable_path/Frameworks",
				);
				MARKETING_VERSION = 1.0;
				PRODUCT_BUNDLE_IDENTIFIER = "com.Learning.App.MVVM-Learning";
				PRODUCT_NAME = "$(TARGET_NAME)";
				SWIFT_EMIT_LOC_STRINGS = YES;
				SWIFT_VERSION = 5.0;
				TARGETED_DEVICE_FAMILY = "1,2";
			};
			name = Release;
		};
/* End XCBuildConfiguration section */

/* Begin XCConfigurationList section */
		C851493128618CA8006C5FDA /* Build configuration list for PBXProject "MVVM Learning" */ = {
			isa = XCConfigurationList;
			buildConfigurations = (
				C851494828618CAD006C5FDA /* Debug */,
				C851494928618CAD006C5FDA /* Release */,
			);
			defaultConfigurationIsVisible = 0;
			defaultConfigurationName = Release;
		};
		C851494A28618CAD006C5FDA /* Build configuration list for PBXNativeTarget "MVVM Learning" */ = {
			isa = XCConfigurationList;
			buildConfigurations = (
				C851494B28618CAD006C5FDA /* Debug */,
				C851494C28618CAD006C5FDA /* Release */,
			);
			defaultConfigurationIsVisible = 0;
			defaultConfigurationName = Release;
		};
/* End XCConfigurationList section */
	};
	rootObject = C851492E28618CA8006C5FDA /* Project object */;
}
